
Microsoft Visual Studio Solution File, Format Version 12.00
# Visual Studio 15
VisualStudioVersion = 15.0.28307.329
MinimumVisualStudioVersion = 10.0.40219.1
Project("{8BC9CEB8-8B4A-11D0-8D11-00A0C91BC942}") = "01-PrimerVentanaGLFW", "Practica1\01-PrimerVentanaGLFW\01-PrimerVentanaGLFW.vcxproj", "{B98ACF74-7F50-4BD9-91F2-29A71CF62E59}"
EndProject
Project("{8BC9CEB8-8B4A-11D0-8D11-00A0C91BC942}") = "03-Triangulo", "Practica2\03-Triangulo\03-Triangulo.vcxproj", "{604048A0-1106-4DF6-BFDD-BECD30D940C4}"
EndProject
Project("{8BC9CEB8-8B4A-11D0-8D11-00A0C91BC942}") = "02-ManejoEventos", "Practica2\02-ManejoEventos\02-ManejoEventos.vcxproj", "{7E13E9F0-FB5E-4E67-B7B3-3FE63F0B1D1C}"
EndProject
Project("{8BC9CEB8-8B4A-11D0-8D11-00A0C91BC942}") = "04-AtributosVertices", "Practica2\04-AtributosVertices\04-AtributosVertices.vcxproj", "{684C68E3-D5A7-423B-A93E-AB78E4CB8C3E}"
EndProject
Project("{8BC9CEB8-8B4A-11D0-8D11-00A0C91BC942}") = "05-Indices", "Practica3\05-Indices\05-Indices.vcxproj", "{C72328A3-1439-434E-BD9B-A0E365B3D358}"
EndProject
Project("{8BC9CEB8-8B4A-11D0-8D11-00A0C91BC942}") = "06-ShadersEnObjeto", "Practica3\06-ShadersEnObjeto\06-ShadersEnObjeto.vcxproj", "{4905AFFD-1433-4DB6-BB78-01C6B107DB64}"
EndProject
Project("{8BC9CEB8-8B4A-11D0-8D11-00A0C91BC942}") = "07-Uniforms", "Practica3\07-Uniforms\07-Uniforms.vcxproj", "{BD543663-D977-450D-87C3-D45A0EA64A2B}"
EndProject
Project("{8BC9CEB8-8B4A-11D0-8D11-00A0C91BC942}") = "08-SistemasCoordenadas", "Practica3\08-SistemasCoordenadas\08-SistemasCoordenadas.vcxproj", "{40050654-71B0-47EE-B429-51A369D9F50D}"
EndProject
Project("{8BC9CEB8-8B4A-11D0-8D11-00A0C91BC942}") = "09-Translaciones", "Practica4\09-Translaciones\09-Translaciones.vcxproj", "{6DC06AD3-2F96-49F7-B520-5FDFF321AC63}"
EndProject
Project("{8BC9CEB8-8B4A-11D0-8D11-00A0C91BC942}") = "10-Transformaciones", "Practica4\10-Transformaciones\10-Transformaciones.vcxproj", "{99FF08AB-7632-4998-B38F-E1E357E88349}"
EndProject
Project("{8BC9CEB8-8B4A-11D0-8D11-00A0C91BC942}") = "11-TransformacionesFiguras", "Practica4\11-TransformacionesFiguras\11-TransformacionesFiguras.vcxproj", "{F49E9295-AE7B-40CB-A391-CF81DC9E717D}"
EndProject
Project("{8BC9CEB8-8B4A-11D0-8D11-00A0C91BC942}") = "12-ModeladoPrimitivas", "Practica5\12-ModeladoPrimitivas\12-ModeladoPrimitivas.vcxproj", "{5A7AA676-0BB9-446D-904D-F472DC7AC81E}"
EndProject
Project("{8BC9CEB8-8B4A-11D0-8D11-00A0C91BC942}") = "13-ModeladoGeometrico", "Practica5\13-ModeladoGeometrico\13-ModeladoGeometrico.vcxproj", "{F9813A6D-8108-4E07-9E28-E2F02E8AE61E}"
EndProject
Project("{8BC9CEB8-8B4A-11D0-8D11-00A0C91BC942}") = "14-ModeladoJerarquico", "Practica6\14-ModeladoJerarquico\14-ModeladoJerarquico.vcxproj", "{58A5BAE6-EB09-4061-8458-57B1B1CCAE54}"
EndProject
Project("{8BC9CEB8-8B4A-11D0-8D11-00A0C91BC942}") = "15-Texturizado", "Practica7\15-Texturizado\15-Texturizado.vcxproj", "{3AB67FAF-BC42-49D6-8AFE-4B6BA0D067A6}"
EndProject
Project("{8BC9CEB8-8B4A-11D0-8D11-00A0C91BC942}") = "16-IluminacionBasica", "Practica8\16-IluminacionBasica\16-IluminacionBasica.vcxproj", "{5F1D7FA9-A377-4D14-9909-C2E70D99E03B}"
EndProject
Global
	GlobalSection(SolutionConfigurationPlatforms) = preSolution
		Debug|x64 = Debug|x64
		Debug|x86 = Debug|x86
		Release|x64 = Release|x64
		Release|x86 = Release|x86
	EndGlobalSection
	GlobalSection(ProjectConfigurationPlatforms) = postSolution
		{B98ACF74-7F50-4BD9-91F2-29A71CF62E59}.Debug|x64.ActiveCfg = Debug|Win32
		{B98ACF74-7F50-4BD9-91F2-29A71CF62E59}.Debug|x86.ActiveCfg = Debug|Win32
		{B98ACF74-7F50-4BD9-91F2-29A71CF62E59}.Debug|x86.Build.0 = Debug|Win32
		{B98ACF74-7F50-4BD9-91F2-29A71CF62E59}.Release|x64.ActiveCfg = Release|Win32
		{B98ACF74-7F50-4BD9-91F2-29A71CF62E59}.Release|x86.ActiveCfg = Release|Win32
		{B98ACF74-7F50-4BD9-91F2-29A71CF62E59}.Release|x86.Build.0 = Release|Win32
		{604048A0-1106-4DF6-BFDD-BECD30D940C4}.Debug|x64.ActiveCfg = Debug|Win32
		{604048A0-1106-4DF6-BFDD-BECD30D940C4}.Debug|x86.ActiveCfg = Debug|Win32
		{604048A0-1106-4DF6-BFDD-BECD30D940C4}.Debug|x86.Build.0 = Debug|Win32
		{604048A0-1106-4DF6-BFDD-BECD30D940C4}.Release|x64.ActiveCfg = Release|Win32
		{604048A0-1106-4DF6-BFDD-BECD30D940C4}.Release|x86.ActiveCfg = Release|Win32
		{604048A0-1106-4DF6-BFDD-BECD30D940C4}.Release|x86.Build.0 = Release|Win32
		{7E13E9F0-FB5E-4E67-B7B3-3FE63F0B1D1C}.Debug|x64.ActiveCfg = Debug|Win32
		{7E13E9F0-FB5E-4E67-B7B3-3FE63F0B1D1C}.Debug|x86.ActiveCfg = Debug|Win32
		{7E13E9F0-FB5E-4E67-B7B3-3FE63F0B1D1C}.Debug|x86.Build.0 = Debug|Win32
		{7E13E9F0-FB5E-4E67-B7B3-3FE63F0B1D1C}.Release|x64.ActiveCfg = Release|Win32
		{7E13E9F0-FB5E-4E67-B7B3-3FE63F0B1D1C}.Release|x86.ActiveCfg = Release|Win32
		{7E13E9F0-FB5E-4E67-B7B3-3FE63F0B1D1C}.Release|x86.Build.0 = Release|Win32
		{684C68E3-D5A7-423B-A93E-AB78E4CB8C3E}.Debug|x64.ActiveCfg = Debug|Win32
		{684C68E3-D5A7-423B-A93E-AB78E4CB8C3E}.Debug|x86.ActiveCfg = Debug|Win32
		{684C68E3-D5A7-423B-A93E-AB78E4CB8C3E}.Debug|x86.Build.0 = Debug|Win32
		{684C68E3-D5A7-423B-A93E-AB78E4CB8C3E}.Release|x64.ActiveCfg = Release|Win32
		{684C68E3-D5A7-423B-A93E-AB78E4CB8C3E}.Release|x86.ActiveCfg = Release|Win32
		{684C68E3-D5A7-423B-A93E-AB78E4CB8C3E}.Release|x86.Build.0 = Release|Win32
		{C72328A3-1439-434E-BD9B-A0E365B3D358}.Debug|x64.ActiveCfg = Debug|Win32
		{C72328A3-1439-434E-BD9B-A0E365B3D358}.Debug|x86.ActiveCfg = Debug|Win32
		{C72328A3-1439-434E-BD9B-A0E365B3D358}.Debug|x86.Build.0 = Debug|Win32
		{C72328A3-1439-434E-BD9B-A0E365B3D358}.Release|x64.ActiveCfg = Release|Win32
		{C72328A3-1439-434E-BD9B-A0E365B3D358}.Release|x86.ActiveCfg = Release|Win32
		{C72328A3-1439-434E-BD9B-A0E365B3D358}.Release|x86.Build.0 = Release|Win32
		{4905AFFD-1433-4DB6-BB78-01C6B107DB64}.Debug|x64.ActiveCfg = Debug|Win32
		{4905AFFD-1433-4DB6-BB78-01C6B107DB64}.Debug|x86.ActiveCfg = Debug|Win32
		{4905AFFD-1433-4DB6-BB78-01C6B107DB64}.Debug|x86.Build.0 = Debug|Win32
		{4905AFFD-1433-4DB6-BB78-01C6B107DB64}.Release|x64.ActiveCfg = Release|Win32
		{4905AFFD-1433-4DB6-BB78-01C6B107DB64}.Release|x86.ActiveCfg = Release|Win32
		{4905AFFD-1433-4DB6-BB78-01C6B107DB64}.Release|x86.Build.0 = Release|Win32
		{BD543663-D977-450D-87C3-D45A0EA64A2B}.Debug|x64.ActiveCfg = Debug|Win32
		{BD543663-D977-450D-87C3-D45A0EA64A2B}.Debug|x86.ActiveCfg = Debug|Win32
		{BD543663-D977-450D-87C3-D45A0EA64A2B}.Debug|x86.Build.0 = Debug|Win32
		{BD543663-D977-450D-87C3-D45A0EA64A2B}.Release|x64.ActiveCfg = Release|Win32
		{BD543663-D977-450D-87C3-D45A0EA64A2B}.Release|x86.ActiveCfg = Release|Win32
		{BD543663-D977-450D-87C3-D45A0EA64A2B}.Release|x86.Build.0 = Release|Win32
		{40050654-71B0-47EE-B429-51A369D9F50D}.Debug|x64.ActiveCfg = Debug|Win32
		{40050654-71B0-47EE-B429-51A369D9F50D}.Debug|x86.ActiveCfg = Debug|Win32
		{40050654-71B0-47EE-B429-51A369D9F50D}.Debug|x86.Build.0 = Debug|Win32
		{40050654-71B0-47EE-B429-51A369D9F50D}.Release|x64.ActiveCfg = Release|Win32
		{40050654-71B0-47EE-B429-51A369D9F50D}.Release|x86.ActiveCfg = Release|Win32
		{40050654-71B0-47EE-B429-51A369D9F50D}.Release|x86.Build.0 = Release|Win32
		{6DC06AD3-2F96-49F7-B520-5FDFF321AC63}.Debug|x64.ActiveCfg = Debug|x64
		{6DC06AD3-2F96-49F7-B520-5FDFF321AC63}.Debug|x64.Build.0 = Debug|x64
		{6DC06AD3-2F96-49F7-B520-5FDFF321AC63}.Debug|x86.ActiveCfg = Debug|Win32
		{6DC06AD3-2F96-49F7-B520-5FDFF321AC63}.Debug|x86.Build.0 = Debug|Win32
		{6DC06AD3-2F96-49F7-B520-5FDFF321AC63}.Release|x64.ActiveCfg = Release|x64
		{6DC06AD3-2F96-49F7-B520-5FDFF321AC63}.Release|x64.Build.0 = Release|x64
		{6DC06AD3-2F96-49F7-B520-5FDFF321AC63}.Release|x86.ActiveCfg = Release|Win32
		{6DC06AD3-2F96-49F7-B520-5FDFF321AC63}.Release|x86.Build.0 = Release|Win32
		{99FF08AB-7632-4998-B38F-E1E357E88349}.Debug|x64.ActiveCfg = Debug|x64
		{99FF08AB-7632-4998-B38F-E1E357E88349}.Debug|x64.Build.0 = Debug|x64
		{99FF08AB-7632-4998-B38F-E1E357E88349}.Debug|x86.ActiveCfg = Debug|Win32
		{99FF08AB-7632-4998-B38F-E1E357E88349}.Debug|x86.Build.0 = Debug|Win32
		{99FF08AB-7632-4998-B38F-E1E357E88349}.Release|x64.ActiveCfg = Release|x64
		{99FF08AB-7632-4998-B38F-E1E357E88349}.Release|x64.Build.0 = Release|x64
		{99FF08AB-7632-4998-B38F-E1E357E88349}.Release|x86.ActiveCfg = Release|Win32
		{99FF08AB-7632-4998-B38F-E1E357E88349}.Release|x86.Build.0 = Release|Win32
		{F49E9295-AE7B-40CB-A391-CF81DC9E717D}.Debug|x64.ActiveCfg = Debug|x64
		{F49E9295-AE7B-40CB-A391-CF81DC9E717D}.Debug|x64.Build.0 = Debug|x64
		{F49E9295-AE7B-40CB-A391-CF81DC9E717D}.Debug|x86.ActiveCfg = Debug|Win32
		{F49E9295-AE7B-40CB-A391-CF81DC9E717D}.Debug|x86.Build.0 = Debug|Win32
		{F49E9295-AE7B-40CB-A391-CF81DC9E717D}.Release|x64.ActiveCfg = Release|x64
		{F49E9295-AE7B-40CB-A391-CF81DC9E717D}.Release|x64.Build.0 = Release|x64
		{F49E9295-AE7B-40CB-A391-CF81DC9E717D}.Release|x86.ActiveCfg = Release|Win32
		{F49E9295-AE7B-40CB-A391-CF81DC9E717D}.Release|x86.Build.0 = Release|Win32
		{5A7AA676-0BB9-446D-904D-F472DC7AC81E}.Debug|x64.ActiveCfg = Debug|x64
		{5A7AA676-0BB9-446D-904D-F472DC7AC81E}.Debug|x64.Build.0 = Debug|x64
		{5A7AA676-0BB9-446D-904D-F472DC7AC81E}.Debug|x86.ActiveCfg = Debug|Win32
		{5A7AA676-0BB9-446D-904D-F472DC7AC81E}.Debug|x86.Build.0 = Debug|Win32
		{5A7AA676-0BB9-446D-904D-F472DC7AC81E}.Release|x64.ActiveCfg = Release|x64
		{5A7AA676-0BB9-446D-904D-F472DC7AC81E}.Release|x64.Build.0 = Release|x64
		{5A7AA676-0BB9-446D-904D-F472DC7AC81E}.Release|x86.ActiveCfg = Release|Win32
		{5A7AA676-0BB9-446D-904D-F472DC7AC81E}.Release|x86.Build.0 = Release|Win32
		{F9813A6D-8108-4E07-9E28-E2F02E8AE61E}.Debug|x64.ActiveCfg = Debug|x64
		{F9813A6D-8108-4E07-9E28-E2F02E8AE61E}.Debug|x64.Build.0 = Debug|x64
		{F9813A6D-8108-4E07-9E28-E2F02E8AE61E}.Debug|x86.ActiveCfg = Debug|Win32
		{F9813A6D-8108-4E07-9E28-E2F02E8AE61E}.Debug|x86.Build.0 = Debug|Win32
		{F9813A6D-8108-4E07-9E28-E2F02E8AE61E}.Release|x64.ActiveCfg = Release|x64
		{F9813A6D-8108-4E07-9E28-E2F02E8AE61E}.Release|x64.Build.0 = Release|x64
		{F9813A6D-8108-4E07-9E28-E2F02E8AE61E}.Release|x86.ActiveCfg = Release|Win32
		{F9813A6D-8108-4E07-9E28-E2F02E8AE61E}.Release|x86.Build.0 = Release|Win32
		{58A5BAE6-EB09-4061-8458-57B1B1CCAE54}.Debug|x64.ActiveCfg = Debug|x64
		{58A5BAE6-EB09-4061-8458-57B1B1CCAE54}.Debug|x64.Build.0 = Debug|x64
		{58A5BAE6-EB09-4061-8458-57B1B1CCAE54}.Debug|x86.ActiveCfg = Debug|Win32
		{58A5BAE6-EB09-4061-8458-57B1B1CCAE54}.Debug|x86.Build.0 = Debug|Win32
		{58A5BAE6-EB09-4061-8458-57B1B1CCAE54}.Release|x64.ActiveCfg = Release|x64
		{58A5BAE6-EB09-4061-8458-57B1B1CCAE54}.Release|x64.Build.0 = Release|x64
		{58A5BAE6-EB09-4061-8458-57B1B1CCAE54}.Release|x86.ActiveCfg = Release|Win32
		{58A5BAE6-EB09-4061-8458-57B1B1CCAE54}.Release|x86.Build.0 = Release|Win32
		{3AB67FAF-BC42-49D6-8AFE-4B6BA0D067A6}.Debug|x64.ActiveCfg = Debug|x64
		{3AB67FAF-BC42-49D6-8AFE-4B6BA0D067A6}.Debug|x64.Build.0 = Debug|x64
		{3AB67FAF-BC42-49D6-8AFE-4B6BA0D067A6}.Debug|x86.ActiveCfg = Debug|Win32
		{3AB67FAF-BC42-49D6-8AFE-4B6BA0D067A6}.Debug|x86.Build.0 = Debug|Win32
		{3AB67FAF-BC42-49D6-8AFE-4B6BA0D067A6}.Release|x64.ActiveCfg = Release|x64
		{3AB67FAF-BC42-49D6-8AFE-4B6BA0D067A6}.Release|x64.Build.0 = Release|x64
		{3AB67FAF-BC42-49D6-8AFE-4B6BA0D067A6}.Release|x86.ActiveCfg = Release|Win32
		{3AB67FAF-BC42-49D6-8AFE-4B6BA0D067A6}.Release|x86.Build.0 = Release|Win32
		{5F1D7FA9-A377-4D14-9909-C2E70D99E03B}.Debug|x64.ActiveCfg = Debug|x64
		{5F1D7FA9-A377-4D14-9909-C2E70D99E03B}.Debug|x64.Build.0 = Debug|x64
		{5F1D7FA9-A377-4D14-9909-C2E70D99E03B}.Debug|x86.ActiveCfg = Debug|Win32
		{5F1D7FA9-A377-4D14-9909-C2E70D99E03B}.Debug|x86.Build.0 = Debug|Win32
		{5F1D7FA9-A377-4D14-9909-C2E70D99E03B}.Release|x64.ActiveCfg = Release|x64
		{5F1D7FA9-A377-4D14-9909-C2E70D99E03B}.Release|x64.Build.0 = Release|x64
		{5F1D7FA9-A377-4D14-9909-C2E70D99E03B}.Release|x86.ActiveCfg = Release|Win32
		{5F1D7FA9-A377-4D14-9909-C2E70D99E03B}.Release|x86.Build.0 = Release|Win32
	EndGlobalSection
	GlobalSection(SolutionProperties) = preSolution
		HideSolutionNode = FALSE
	EndGlobalSection
	GlobalSection(ExtensibilityGlobals) = postSolution
		SolutionGuid = {82A71786-481A-4284-BD37-A00EF97EA658}
	EndGlobalSection
EndGlobal
